// !$*UTF8*$!
{
	archiveVersion = 1;
	classes = {
	};
	objectVersion = 56;
	objects = {

/* Begin PBXBuildFile section */
		18B2E9EA28F148A100F7D600 /* AppDelegate.swift in Sources */ = {isa = PBXBuildFile; fileRef = 18B2E9E928F148A100F7D600 /* AppDelegate.swift */; };
		18B2E9EC28F148A100F7D600 /* SceneDelegate.swift in Sources */ = {isa = PBXBuildFile; fileRef = 18B2E9EB28F148A100F7D600 /* SceneDelegate.swift */; };
		18B2E9EE28F148A100F7D600 /* ViewController.swift in Sources */ = {isa = PBXBuildFile; fileRef = 18B2E9ED28F148A100F7D600 /* ViewController.swift */; };
		18B2E9F128F148A100F7D600 /* Main.storyboard in Resources */ = {isa = PBXBuildFile; fileRef = 18B2E9EF28F148A100F7D600 /* Main.storyboard */; };
		18B2E9F328F148A300F7D600 /* Assets.xcassets in Resources */ = {isa = PBXBuildFile; fileRef = 18B2E9F228F148A300F7D600 /* Assets.xcassets */; };
		18B2E9F628F148A300F7D600 /* LaunchScreen.storyboard in Resources */ = {isa = PBXBuildFile; fileRef = 18B2E9F428F148A300F7D600 /* LaunchScreen.storyboard */; };
		18B2EA0128F148A300F7D600 /* BasicCalcSwitchTests.swift in Sources */ = {isa = PBXBuildFile; fileRef = 18B2EA0028F148A300F7D600 /* BasicCalcSwitchTests.swift */; };
		18B2EA0B28F148A300F7D600 /* BasicCalcSwitchUITests.swift in Sources */ = {isa = PBXBuildFile; fileRef = 18B2EA0A28F148A300F7D600 /* BasicCalcSwitchUITests.swift */; };
		18B2EA0D28F148A300F7D600 /* BasicCalcSwitchUITestsLaunchTests.swift in Sources */ = {isa = PBXBuildFile; fileRef = 18B2EA0C28F148A300F7D600 /* BasicCalcSwitchUITestsLaunchTests.swift */; };
/* End PBXBuildFile section */

/* Begin PBXContainerItemProxy section */
		18B2E9FD28F148A300F7D600 /* PBXContainerItemProxy */ = {
			isa = PBXContainerItemProxy;
			containerPortal = 18B2E9DE28F148A100F7D600 /* Project object */;
			proxyType = 1;
			remoteGlobalIDString = 18B2E9E528F148A100F7D600;
			remoteInfo = BasicCalcSwitch;
		};
		18B2EA0728F148A300F7D600 /* PBXContainerItemProxy */ = {
			isa = PBXContainerItemProxy;
			containerPortal = 18B2E9DE28F148A100F7D600 /* Project object */;
			proxyType = 1;
			remoteGlobalIDString = 18B2E9E528F148A100F7D600;
			remoteInfo = BasicCalcSwitch;
		};
/* End PBXContainerItemProxy section */

/* Begin PBXFileReference section */
		18B2E9E628F148A100F7D600 /* BasicCalcSwitch.app */ = {isa = PBXFileReference; explicitFileType = wrapper.application; includeInIndex = 0; path = BasicCalcSwitch.app; sourceTree = BUILT_PRODUCTS_DIR; };
		18B2E9E928F148A100F7D600 /* AppDelegate.swift */ = {isa = PBXFileReference; lastKnownFileType = sourcecode.swift; path = AppDelegate.swift; sourceTree = "<group>"; };
		18B2E9EB28F148A100F7D600 /* SceneDelegate.swift */ = {isa = PBXFileReference; lastKnownFileType = sourcecode.swift; path = SceneDelegate.swift; sourceTree = "<group>"; };
		18B2E9ED28F148A100F7D600 /* ViewController.swift */ = {isa = PBXFileReference; lastKnownFileType = sourcecode.swift; path = ViewController.swift; sourceTree = "<group>"; };
		18B2E9F028F148A100F7D600 /* Base */ = {isa = PBXFileReference; lastKnownFileType = file.storyboard; name = Base; path = Base.lproj/Main.storyboard; sourceTree = "<group>"; };
		18B2E9F228F148A300F7D600 /* Assets.xcassets */ = {isa = PBXFileReference; lastKnownFileType = folder.assetcatalog; path = Assets.xcassets; sourceTree = "<group>"; };
		18B2E9F528F148A300F7D600 /* Base */ = {isa = PBXFileReference; lastKnownFileType = file.storyboard; name = Base; path = Base.lproj/LaunchScreen.storyboard; sourceTree = "<group>"; };
		18B2E9F728F148A300F7D600 /* Info.plist */ = {isa = PBXFileReference; lastKnownFileType = text.plist.xml; path = Info.plist; sourceTree = "<group>"; };
		18B2E9FC28F148A300F7D600 /* BasicCalcSwitchTests.xctest */ = {isa = PBXFileReference; explicitFileType = wrapper.cfbundle; includeInIndex = 0; path = BasicCalcSwitchTests.xctest; sourceTree = BUILT_PRODUCTS_DIR; };
		18B2EA0028F148A300F7D600 /* BasicCalcSwitchTests.swift */ = {isa = PBXFileReference; lastKnownFileType = sourcecode.swift; path = BasicCalcSwitchTests.swift; sourceTree = "<group>"; };
		18B2EA0628F148A300F7D600 /* BasicCalcSwitchUITests.xctest */ = {isa = PBXFileReference; explicitFileType = wrapper.cfbundle; includeInIndex = 0; path = BasicCalcSwitchUITests.xctest; sourceTree = BUILT_PRODUCTS_DIR; };
		18B2EA0A28F148A300F7D600 /* BasicCalcSwitchUITests.swift */ = {isa = PBXFileReference; lastKnownFileType = sourcecode.swift; path = BasicCalcSwitchUITests.swift; sourceTree = "<group>"; };
		18B2EA0C28F148A300F7D600 /* BasicCalcSwitchUITestsLaunchTests.swift */ = {isa = PBXFileReference; lastKnownFileType = sourcecode.swift; path = BasicCalcSwitchUITestsLaunchTests.swift; sourceTree = "<group>"; };
/* End PBXFileReference section */

/* Begin PBXFrameworksBuildPhase section */
		18B2E9E328F148A100F7D600 /* Frameworks */ = {
			isa = PBXFrameworksBuildPhase;
			buildActionMask = 2147483647;
			files = (
			);
			runOnlyForDeploymentPostprocessing = 0;
		};
		18B2E9F928F148A300F7D600 /* Frameworks */ = {
			isa = PBXFrameworksBuildPhase;
			buildActionMask = 2147483647;
			files = (
			);
			runOnlyForDeploymentPostprocessing = 0;
		};
		18B2EA0328F148A300F7D600 /* Frameworks */ = {
			isa = PBXFrameworksBuildPhase;
			buildActionMask = 2147483647;
			files = (
			);
			runOnlyForDeploymentPostprocessing = 0;
		};
/* End PBXFrameworksBuildPhase section */

/* Begin PBXGroup section */
		18B2E9DD28F148A100F7D600 = {
			isa = PBXGroup;
			children = (
				18B2E9E828F148A100F7D600 /* BasicCalcSwitch */,
				18B2E9FF28F148A300F7D600 /* BasicCalcSwitchTests */,
				18B2EA0928F148A300F7D600 /* BasicCalcSwitchUITests */,
				18B2E9E728F148A100F7D600 /* Products */,
			);
			sourceTree = "<group>";
		};
		18B2E9E728F148A100F7D600 /* Products */ = {
			isa = PBXGroup;
			children = (
				18B2E9E628F148A100F7D600 /* BasicCalcSwitch.app */,
				18B2E9FC28F148A300F7D600 /* BasicCalcSwitchTests.xctest */,
				18B2EA0628F148A300F7D600 /* BasicCalcSwitchUITests.xctest */,
			);
			name = Products;
			sourceTree = "<group>";
		};
		18B2E9E828F148A100F7D600 /* BasicCalcSwitch */ = {
			isa = PBXGroup;
			children = (
				18B2E9E928F148A100F7D600 /* AppDelegate.swift */,
				18B2E9EB28F148A100F7D600 /* SceneDelegate.swift */,
				18B2E9ED28F148A100F7D600 /* ViewController.swift */,
				18B2E9EF28F148A100F7D600 /* Main.storyboard */,
				18B2E9F228F148A300F7D600 /* Assets.xcassets */,
				18B2E9F428F148A300F7D600 /* LaunchScreen.storyboard */,
				18B2E9F728F148A300F7D600 /* Info.plist */,
			);
			path = BasicCalcSwitch;
			sourceTree = "<group>";
		};
		18B2E9FF28F148A300F7D600 /* BasicCalcSwitchTests */ = {
			isa = PBXGroup;
			children = (
				18B2EA0028F148A300F7D600 /* BasicCalcSwitchTests.swift */,
			);
			path = BasicCalcSwitchTests;
			sourceTree = "<group>";
		};
		18B2EA0928F148A300F7D600 /* BasicCalcSwitchUITests */ = {
			isa = PBXGroup;
			children = (
				18B2EA0A28F148A300F7D600 /* BasicCalcSwitchUITests.swift */,
				18B2EA0C28F148A300F7D600 /* BasicCalcSwitchUITestsLaunchTests.swift */,
			);
			path = BasicCalcSwitchUITests;
			sourceTree = "<group>";
		};
/* End PBXGroup section */

/* Begin PBXNativeTarget section */
		18B2E9E528F148A100F7D600 /* BasicCalcSwitch */ = {
			isa = PBXNativeTarget;
			buildConfigurationList = 18B2EA1028F148A300F7D600 /* Build configuration list for PBXNativeTarget "BasicCalcSwitch" */;
			buildPhases = (
				18B2E9E228F148A100F7D600 /* Sources */,
				18B2E9E328F148A100F7D600 /* Frameworks */,
				18B2E9E428F148A100F7D600 /* Resources */,
			);
			buildRules = (
			);
			dependencies = (
			);
			name = BasicCalcSwitch;
			productName = BasicCalcSwitch;
			productReference = 18B2E9E628F148A100F7D600 /* BasicCalcSwitch.app */;
			productType = "com.apple.product-type.application";
		};
		18B2E9FB28F148A300F7D600 /* BasicCalcSwitchTests */ = {
			isa = PBXNativeTarget;
			buildConfigurationList = 18B2EA1328F148A300F7D600 /* Build configuration list for PBXNativeTarget "BasicCalcSwitchTests" */;
			buildPhases = (
				18B2E9F828F148A300F7D600 /* Sources */,
				18B2E9F928F148A300F7D600 /* Frameworks */,
				18B2E9FA28F148A300F7D600 /* Resources */,
			);
			buildRules = (
			);
			dependencies = (
				18B2E9FE28F148A300F7D600 /* PBXTargetDependency */,
			);
			name = BasicCalcSwitchTests;
			productName = BasicCalcSwitchTests;
			productReference = 18B2E9FC28F148A300F7D600 /* BasicCalcSwitchTests.xctest */;
			productType = "com.apple.product-type.bundle.unit-test";
		};
		18B2EA0528F148A300F7D600 /* BasicCalcSwitchUITests */ = {
			isa = PBXNativeTarget;
			buildConfigurationList = 18B2EA1628F148A300F7D600 /* Build configuration list for PBXNativeTarget "BasicCalcSwitchUITests" */;
			buildPhases = (
				18B2EA0228F148A300F7D600 /* Sources */,
				18B2EA0328F148A300F7D600 /* Frameworks */,
				18B2EA0428F148A300F7D600 /* Resources */,
			);
			buildRules = (
			);
			dependencies = (
				18B2EA0828F148A300F7D600 /* PBXTargetDependency */,
			);
			name = BasicCalcSwitchUITests;
			productName = BasicCalcSwitchUITests;
			productReference = 18B2EA0628F148A300F7D600 /* BasicCalcSwitchUITests.xctest */;
			productType = "com.apple.product-type.bundle.ui-testing";
		};
/* End PBXNativeTarget section */

/* Begin PBXProject section */
		18B2E9DE28F148A100F7D600 /* Project object */ = {
			isa = PBXProject;
			attributes = {
				BuildIndependentTargetsInParallel = 1;
				LastSwiftUpdateCheck = 1400;
				LastUpgradeCheck = 1400;
				TargetAttributes = {
					18B2E9E528F148A100F7D600 = {
						CreatedOnToolsVersion = 14.0;
					};
					18B2E9FB28F148A300F7D600 = {
						CreatedOnToolsVersion = 14.0;
						TestTargetID = 18B2E9E528F148A100F7D600;
					};
					18B2EA0528F148A300F7D600 = {
						CreatedOnToolsVersion = 14.0;
						TestTargetID = 18B2E9E528F148A100F7D600;
					};
				};
			};
			buildConfigurationList = 18B2E9E128F148A100F7D600 /* Build configuration list for PBXProject "BasicCalcSwitch" */;
			compatibilityVersion = "Xcode 14.0";
			developmentRegion = en;
			hasScannedForEncodings = 0;
			knownRegions = (
				en,
				Base,
			);
			mainGroup = 18B2E9DD28F148A100F7D600;
			productRefGroup = 18B2E9E728F148A100F7D600 /* Products */;
			projectDirPath = "";
			projectRoot = "";
			targets = (
				18B2E9E528F148A100F7D600 /* BasicCalcSwitch */,
				18B2E9FB28F148A300F7D600 /* BasicCalcSwitchTests */,
				18B2EA0528F148A300F7D600 /* BasicCalcSwitchUITests */,
			);
		};
/* End PBXProject section */

/* Begin PBXResourcesBuildPhase section */
		18B2E9E428F148A100F7D600 /* Resources */ = {
			isa = PBXResourcesBuildPhase;
			buildActionMask = 2147483647;
			files = (
				18B2E9F628F148A300F7D600 /* LaunchScreen.storyboard in Resources */,
				18B2E9F328F148A300F7D600 /* Assets.xcassets in Resources */,
				18B2E9F128F148A100F7D600 /* Main.storyboard in Resources */,
			);
			runOnlyForDeploymentPostprocessing = 0;
		};
		18B2E9FA28F148A300F7D600 /* Resources */ = {
			isa = PBXResourcesBuildPhase;
			buildActionMask = 2147483647;
			files = (
			);
			runOnlyForDeploymentPostprocessing = 0;
		};
		18B2EA0428F148A300F7D600 /* Resources */ = {
			isa = PBXResourcesBuildPhase;
			buildActionMask = 2147483647;
			files = (
			);
			runOnlyForDeploymentPostprocessing = 0;
		};
/* End PBXResourcesBuildPhase section */

/* Begin PBXSourcesBuildPhase section */
		18B2E9E228F148A100F7D600 /* Sources */ = {
			isa = PBXSourcesBuildPhase;
			buildActionMask = 2147483647;
			files = (
				18B2E9EE28F148A100F7D600 /* ViewController.swift in Sources */,
				18B2E9EA28F148A100F7D600 /* AppDelegate.swift in Sources */,
				18B2E9EC28F148A100F7D600 /* SceneDelegate.swift in Sources */,
			);
			runOnlyForDeploymentPostprocessing = 0;
		};
		18B2E9F828F148A300F7D600 /* Sources */ = {
			isa = PBXSourcesBuildPhase;
			buildActionMask = 2147483647;
			files = (
				18B2EA0128F148A300F7D600 /* BasicCalcSwitchTests.swift in Sources */,
			);
			runOnlyForDeploymentPostprocessing = 0;
		};
		18B2EA0228F148A300F7D600 /* Sources */ = {
			isa = PBXSourcesBuildPhase;
			buildActionMask = 2147483647;
			files = (
				18B2EA0D28F148A300F7D600 /* BasicCalcSwitchUITestsLaunchTests.swift in Sources */,
				18B2EA0B28F148A300F7D600 /* BasicCalcSwitchUITests.swift in Sources */,
			);
			runOnlyForDeploymentPostprocessing = 0;
		};
/* End PBXSourcesBuildPhase section */

/* Begin PBXTargetDependency section */
		18B2E9FE28F148A300F7D600 /* PBXTargetDependency */ = {
			isa = PBXTargetDependency;
			target = 18B2E9E528F148A100F7D600 /* BasicCalcSwitch */;
			targetProxy = 18B2E9FD28F148A300F7D600 /* PBXContainerItemProxy */;
		};
		18B2EA0828F148A300F7D600 /* PBXTargetDependency */ = {
			isa = PBXTargetDependency;
			target = 18B2E9E528F148A100F7D600 /* BasicCalcSwitch */;
			targetProxy = 18B2EA0728F148A300F7D600 /* PBXContainerItemProxy */;
		};
/* End PBXTargetDependency section */

/* Begin PBXVariantGroup section */
		18B2E9EF28F148A100F7D600 /* Main.storyboard */ = {
			isa = PBXVariantGroup;
			children = (
				18B2E9F028F148A100F7D600 /* Base */,
			);
			name = Main.storyboard;
			sourceTree = "<group>";
		};
		18B2E9F428F148A300F7D600 /* LaunchScreen.storyboard */ = {
			isa = PBXVariantGroup;
			children = (
				18B2E9F528F148A300F7D600 /* Base */,
			);
			name = LaunchScreen.storyboard;
			sourceTree = "<group>";
		};
/* End PBXVariantGroup section */

/* Begin XCBuildConfiguration section */
		18B2EA0E28F148A300F7D600 /* Debug */ = {
			isa = XCBuildConfiguration;
			buildSettings = {
				ALWAYS_SEARCH_USER_PATHS = NO;
				CLANG_ANALYZER_NONNULL = YES;
				CLANG_ANALYZER_NUMBER_OBJECT_CONVERSION = YES_AGGRESSIVE;
				CLANG_CXX_LANGUAGE_STANDARD = "gnu++20";
				CLANG_ENABLE_MODULES = YES;
				CLANG_ENABLE_OBJC_ARC = YES;
				CLANG_ENABLE_OBJC_WEAK = YES;
				CLANG_WARN_BLOCK_CAPTURE_AUTORELEASING = YES;
				CLANG_WARN_BOOL_CONVERSION = YES;
				CLANG_WARN_COMMA = YES;
				CLANG_WARN_CONSTANT_CONVERSION = YES;
				CLANG_WARN_DEPRECATED_OBJC_IMPLEMENTATIONS = YES;
				CLANG_WARN_DIRECT_OBJC_ISA_USAGE = YES_ERROR;
				CLANG_WARN_DOCUMENTATION_COMMENTS = YES;
				CLANG_WARN_EMPTY_BODY = YES;
				CLANG_WARN_ENUM_CONVERSION = YES;
				CLANG_WARN_INFINITE_RECURSION = YES;
				CLANG_WARN_INT_CONVERSION = YES;
				CLANG_WARN_NON_LITERAL_NULL_CONVERSION = YES;
				CLANG_WARN_OBJC_IMPLICIT_RETAIN_SELF = YES;
				CLANG_WARN_OBJC_LITERAL_CONVERSION = YES;
				CLANG_WARN_OBJC_ROOT_CLASS = YES_ERROR;
				CLANG_WARN_QUOTED_INCLUDE_IN_FRAMEWORK_HEADER = YES;
				CLANG_WARN_RANGE_LOOP_ANALYSIS = YES;
				CLANG_WARN_STRICT_PROTOTYPES = YES;
				CLANG_WARN_SUSPICIOUS_MOVE = YES;
				CLANG_WARN_UNGUARDED_AVAILABILITY = YES_AGGRESSIVE;
				CLANG_WARN_UNREACHABLE_CODE = YES;
				CLANG_WARN__DUPLICATE_METHOD_MATCH = YES;
				COPY_PHASE_STRIP = NO;
				DEBUG_INFORMATION_FORMAT = dwarf;
				ENABLE_STRICT_OBJC_MSGSEND = YES;
				ENABLE_TESTABILITY = YES;
				GCC_C_LANGUAGE_STANDARD = gnu11;
				GCC_DYNAMIC_NO_PIC = NO;
				GCC_NO_COMMON_BLOCKS = YES;
				GCC_OPTIMIZATION_LEVEL = 0;
				GCC_PREPROCESSOR_DEFINITIONS = (
					"DEBUG=1",
					"$(inherited)",
				);
				GCC_WARN_64_TO_32_BIT_CONVERSION = YES;
				GCC_WARN_ABOUT_RETURN_TYPE = YES_ERROR;
				GCC_WARN_UNDECLARED_SELECTOR = YES;
				GCC_WARN_UNINITIALIZED_AUTOS = YES_AGGRESSIVE;
				GCC_WARN_UNUSED_FUNCTION = YES;
				GCC_WARN_UNUSED_VARIABLE = YES;
				IPHONEOS_DEPLOYMENT_TARGET = 16.0;
				MTL_ENABLE_DEBUG_INFO = INCLUDE_SOURCE;
				MTL_FAST_MATH = YES;
				ONLY_ACTIVE_ARCH = YES;
				SDKROOT = iphoneos;
				SWIFT_ACTIVE_COMPILATION_CONDITIONS = DEBUG;
				SWIFT_OPTIMIZATION_LEVEL = "-Onone";
			};
			name = Debug;
		};
		18B2EA0F28F148A300F7D600 /* Release */ = {
			isa = XCBuildConfiguration;
			buildSettings = {
				ALWAYS_SEARCH_USER_PATHS = NO;
				CLANG_ANALYZER_NONNULL = YES;
				CLANG_ANALYZER_NUMBER_OBJECT_CONVERSION = YES_AGGRESSIVE;
				CLANG_CXX_LANGUAGE_STANDARD = "gnu++20";
				CLANG_ENABLE_MODULES = YES;
				CLANG_ENABLE_OBJC_ARC = YES;
				CLANG_ENABLE_OBJC_WEAK = YES;
				CLANG_WARN_BLOCK_CAPTURE_AUTORELEASING = YES;
				CLANG_WARN_BOOL_CONVERSION = YES;
				CLANG_WARN_COMMA = YES;
				CLANG_WARN_CONSTANT_CONVERSION = YES;
				CLANG_WARN_DEPRECATED_OBJC_IMPLEMENTATIONS = YES;
				CLANG_WARN_DIRECT_OBJC_ISA_USAGE = YES_ERROR;
				CLANG_WARN_DOCUMENTATION_COMMENTS = YES;
				CLANG_WARN_EMPTY_BODY = YES;
				CLANG_WARN_ENUM_CONVERSION = YES;
				CLANG_WARN_INFINITE_RECURSION = YES;
				CLANG_WARN_INT_CONVERSION = YES;
				CLANG_WARN_NON_LITERAL_NULL_CONVERSION = YES;
				CLANG_WARN_OBJC_IMPLICIT_RETAIN_SELF = YES;
				CLANG_WARN_OBJC_LITERAL_CONVERSION = YES;
				CLANG_WARN_OBJC_ROOT_CLASS = YES_ERROR;
				CLANG_WARN_QUOTED_INCLUDE_IN_FRAMEWORK_HEADER = YES;
				CLANG_WARN_RANGE_LOOP_ANALYSIS = YES;
				CLANG_WARN_STRICT_PROTOTYPES = YES;
				CLANG_WARN_SUSPICIOUS_MOVE = YES;
				CLANG_WARN_UNGUARDED_AVAILABILITY = YES_AGGRESSIVE;
				CLANG_WARN_UNREACHABLE_CODE = YES;
				CLANG_WARN__DUPLICATE_METHOD_MATCH = YES;
				COPY_PHASE_STRIP = NO;
				DEBUG_INFORMATION_FORMAT = "dwarf-with-dsym";
				ENABLE_NS_ASSERTIONS = NO;
				ENABLE_STRICT_OBJC_MSGSEND = YES;
				GCC_C_LANGUAGE_STANDARD = gnu11;
				GCC_NO_COMMON_BLOCKS = YES;
				GCC_WARN_64_TO_32_BIT_CONVERSION = YES;
				GCC_WARN_ABOUT_RETURN_TYPE = YES_ERROR;
				GCC_WARN_UNDECLARED_SELECTOR = YES;
				GCC_WARN_UNINITIALIZED_AUTOS = YES_AGGRESSIVE;
				GCC_WARN_UNUSED_FUNCTION = YES;
				GCC_WARN_UNUSED_VARIABLE = YES;
				IPHONEOS_DEPLOYMENT_TARGET = 16.0;
				MTL_ENABLE_DEBUG_INFO = NO;
				MTL_FAST_MATH = YES;
				SDKROOT = iphoneos;
				SWIFT_COMPILATION_MODE = wholemodule;
				SWIFT_OPTIMIZATION_LEVEL = "-O";
				VALIDATE_PRODUCT = YES;
			};
			name = Release;
		};
		18B2EA1128F148A300F7D600 /* Debug */ = {
			isa = XCBuildConfiguration;
			buildSettings = {
				ASSETCATALOG_COMPILER_APPICON_NAME = AppIcon;
				ASSETCATALOG_COMPILER_GLOBAL_ACCENT_COLOR_NAME = AccentColor;
				CODE_SIGN_STYLE = Automatic;
				CURRENT_PROJECT_VERSION = 1;
				GENERATE_INFOPLIST_FILE = YES;
				INFOPLIST_FILE = BasicCalcSwitch/Info.plist;
				INFOPLIST_KEY_UIApplicationSupportsIndirectInputEvents = YES;
				INFOPLIST_KEY_UILaunchStoryboardName = LaunchScreen;
				INFOPLIST_KEY_UIMainStoryboardFile = Main;
				INFOPLIST_KEY_UISupportedInterfaceOrientations_iPad = "UIInterfaceOrientationPortrait UIInterfaceOrientationPortraitUpsideDown UIInterfaceOrientationLandscapeLeft UIInterfaceOrientationLandscapeRight";
				INFOPLIST_KEY_UISupportedInterfaceOrientations_iPhone = "UIInterfaceOrientationPortrait UIInterfaceOrientationLandscapeLeft UIInterfaceOrientationLandscapeRight";
				LD_RUNPATH_SEARCH_PATHS = (
					"$(inherited)",
					"@executable_path/Frameworks",
				);
				MARKETING_VERSION = 1.0;
				PRODUCT_BUNDLE_IDENTIFIER = iOS.BasicCalcSwitch;
				PRODUCT_NAME = "$(TARGET_NAME)";
				SWIFT_EMIT_LOC_STRINGS = YES;
				SWIFT_VERSION = 5.0;
				TARGETED_DEVICE_FAMILY = "1,2";
			};
			name = Debug;
		};
		18B2EA1228F148A300F7D600 /* Release */ = {
			isa = XCBuildConfiguration;
			buildSettings = {
				ASSETCATALOG_COMPILER_APPICON_NAME = AppIcon;
				ASSETCATALOG_COMPILER_GLOBAL_ACCENT_COLOR_NAME = AccentColor;
				CODE_SIGN_STYLE = Automatic;
				CURRENT_PROJECT_VERSION = 1;
				GENERATE_INFOPLIST_FILE = YES;
				INFOPLIST_FILE = BasicCalcSwitch/Info.plist;
				INFOPLIST_KEY_UIApplicationSupportsIndirectInputEvents = YES;
				INFOPLIST_KEY_UILaunchStoryboardName = LaunchScreen;
				INFOPLIST_KEY_UIMainStoryboardFile = Main;
				INFOPLIST_KEY_UISupportedInterfaceOrientations_iPad = "UIInterfaceOrientationPortrait UIInterfaceOrientationPortraitUpsideDown UIInterfaceOrientationLandscapeLeft UIInterfaceOrientationLandscapeRight";
				INFOPLIST_KEY_UISupportedInterfaceOrientations_iPhone = "UIInterfaceOrientationPortrait UIInterfaceOrientationLandscapeLeft UIInterfaceOrientationLandscapeRight";
				LD_RUNPATH_SEARCH_PATHS = (
					"$(inherited)",
					"@executable_path/Frameworks",
				);
				MARKETING_VERSION = 1.0;
				PRODUCT_BUNDLE_IDENTIFIER = iOS.BasicCalcSwitch;
				PRODUCT_NAME = "$(TARGET_NAME)";
				SWIFT_EMIT_LOC_STRINGS = YES;
				SWIFT_VERSION = 5.0;
				TARGETED_DEVICE_FAMILY = "1,2";
			};
			name = Release;
		};
		18B2EA1428F148A300F7D600 /* Debug */ = {
			isa = XCBuildConfiguration;
			buildSettings = {
				ALWAYS_EMBED_SWIFT_STANDARD_LIBRARIES = YES;
				BUNDLE_LOADER = "$(TEST_HOST)";
				CODE_SIGN_STYLE = Automatic;
				CURRENT_PROJECT_VERSION = 1;
				GENERATE_INFOPLIST_FILE = YES;
				IPHONEOS_DEPLOYMENT_TARGET = 16.0;
				MARKETING_VERSION = 1.0;
				PRODUCT_BUNDLE_IDENTIFIER = iOS.BasicCalcSwitchTests;
				PRODUCT_NAME = "$(TARGET_NAME)";
				SWIFT_EMIT_LOC_STRINGS = NO;
				SWIFT_VERSION = 5.0;
				TARGETED_DEVICE_FAMILY = "1,2";
				TEST_HOST = "$(BUILT_PRODUCTS_DIR)/BasicCalcSwitch.app/$(BUNDLE_EXECUTABLE_FOLDER_PATH)/BasicCalcSwitch";
			};
			name = Debug;
		};
		18B2EA1528F148A300F7D600 /* Release */ = {
			isa = XCBuildConfiguration;
			buildSettings = {
				ALWAYS_EMBED_SWIFT_STANDARD_LIBRARIES = YES;
				BUNDLE_LOADER = "$(TEST_HOST)";
				CODE_SIGN_STYLE = Automatic;
				CURRENT_PROJECT_VERSION = 1;
				GENERATE_INFOPLIST_FILE = YES;
				IPHONEOS_DEPLOYMENT_TARGET = 16.0;
				MARKETING_VERSION = 1.0;
				PRODUCT_BUNDLE_IDENTIFIER = iOS.BasicCalcSwitchTests;
				PRODUCT_NAME = "$(TARGET_NAME)";
				SWIFT_EMIT_LOC_STRINGS = NO;
				SWIFT_VERSION = 5.0;
				TARGETED_DEVICE_FAMILY = "1,2";
				TEST_HOST = "$(BUILT_PRODUCTS_DIR)/BasicCalcSwitch.app/$(BUNDLE_EXECUTABLE_FOLDER_PATH)/BasicCalcSwitch";
			};
			name = Release;
		};
		18B2EA1728F148A300F7D600 /* Debug */ = {
			isa = XCBuildConfiguration;
			buildSettings = {
				ALWAYS_EMBED_SWIFT_STANDARD_LIBRARIES = YES;
				CODE_SIGN_STYLE = Automatic;
				CURRENT_PROJECT_VERSION = 1;
				GENERATE_INFOPLIST_FILE = YES;
				MARKETING_VERSION = 1.0;
				PRODUCT_BUNDLE_IDENTIFIER = iOS.BasicCalcSwitchUITests;
				PRODUCT_NAME = "$(TARGET_NAME)";
				SWIFT_EMIT_LOC_STRINGS = NO;
				SWIFT_VERSION = 5.0;
				TARGETED_DEVICE_FAMILY = "1,2";
				TEST_TARGET_NAME = BasicCalcSwitch;
			};
			name = Debug;
		};
		18B2EA1828F148A300F7D600 /* Release */ = {
			isa = XCBuildConfiguration;
			buildSettings = {
				ALWAYS_EMBED_SWIFT_STANDARD_LIBRARIES = YES;
				CODE_SIGN_STYLE = Automatic;
				CURRENT_PROJECT_VERSION = 1;
				GENERATE_INFOPLIST_FILE = YES;
				MARKETING_VERSION = 1.0;
				PRODUCT_BUNDLE_IDENTIFIER = iOS.BasicCalcSwitchUITests;
				PRODUCT_NAME = "$(TARGET_NAME)";
				SWIFT_EMIT_LOC_STRINGS = NO;
				SWIFT_VERSION = 5.0;
				TARGETED_DEVICE_FAMILY = "1,2";
				TEST_TARGET_NAME = BasicCalcSwitch;
			};
			name = Release;
		};
/* End XCBuildConfiguration section */

/* Begin XCConfigurationList section */
		18B2E9E128F148A100F7D600 /* Build configuration list for PBXProject "BasicCalcSwitch" */ = {
			isa = XCConfigurationList;
			buildConfigurations = (
				18B2EA0E28F148A300F7D600 /* Debug */,
				18B2EA0F28F148A300F7D600 /* Release */,
			);
			defaultConfigurationIsVisible = 0;
			defaultConfigurationName = Release;
		};
		18B2EA1028F148A300F7D600 /* Build configuration list for PBXNativeTarget "BasicCalcSwitch" */ = {
			isa = XCConfigurationList;
			buildConfigurations = (
				18B2EA1128F148A300F7D600 /* Debug */,
				18B2EA1228F148A300F7D600 /* Release */,
			);
			defaultConfigurationIsVisible = 0;
			defaultConfigurationName = Release;
		};
		18B2EA1328F148A300F7D600 /* Build configuration list for PBXNativeTarget "BasicCalcSwitchTests" */ = {
			isa = XCConfigurationList;
			buildConfigurations = (
				18B2EA1428F148A300F7D600 /* Debug */,
				18B2EA1528F148A300F7D600 /* Release */,
			);
			defaultConfigurationIsVisible = 0;
			defaultConfigurationName = Release;
		};
		18B2EA1628F148A300F7D600 /* Build configuration list for PBXNativeTarget "BasicCalcSwitchUITests" */ = {
			isa = XCConfigurationList;
			buildConfigurations = (
				18B2EA1728F148A300F7D600 /* Debug */,
				18B2EA1828F148A300F7D600 /* Release */,
			);
			defaultConfigurationIsVisible = 0;
			defaultConfigurationName = Release;
		};
/* End XCConfigurationList section */
	};
	rootObject = 18B2E9DE28F148A100F7D600 /* Project object */;
}
